
Microsoft Visual Studio Solution File, Format Version 12.00
# Visual Studio Version 17
VisualStudioVersion = 17.0.31903.59
MinimumVisualStudioVersion = 10.0.40219.1
Project("{FAE04EC0-301F-11D3-BF4B-00C04F79EFBC}") = "OlaMundo", "OlaMundo\OlaMundo.csproj", "{614187A4-8FE5-41C2-B48F-25903E54F6B5}"
EndProject
Project("{FAE04EC0-301F-11D3-BF4B-00C04F79EFBC}") = "Argumentos", "Argumentos\Argumentos.csproj", "{85EF59F8-5246-4C0D-AC2D-EFF532B403D9}"
EndProject
Global
	GlobalSection(SolutionConfigurationPlatforms) = preSolution
		Debug|Any CPU = Debug|Any CPU
		Release|Any CPU = Release|Any CPU
	EndGlobalSection
	GlobalSection(SolutionProperties) = preSolution
		HideSolutionNode = FALSE
	EndGlobalSection
	GlobalSection(ProjectConfigurationPlatforms) = postSolution
		{614187A4-8FE5-41C2-B48F-25903E54F6B5}.Debug|Any CPU.ActiveCfg = Debug|Any CPU
		{614187A4-8FE5-41C2-B48F-25903E54F6B5}.Debug|Any CPU.Build.0 = Debug|Any CPU
		{614187A4-8FE5-41C2-B48F-25903E54F6B5}.Release|Any CPU.ActiveCfg = Release|Any CPU
		{614187A4-8FE5-41C2-B48F-25903E54F6B5}.Release|Any CPU.Build.0 = Release|Any CPU
		{85EF59F8-5246-4C0D-AC2D-EFF532B403D9}.Debug|Any CPU.ActiveCfg = Debug|Any CPU
		{85EF59F8-5246-4C0D-AC2D-EFF532B403D9}.Debug|Any CPU.Build.0 = Debug|Any CPU
		{85EF59F8-5246-4C0D-AC2D-EFF532B403D9}.Release|Any CPU.ActiveCfg = Release|Any CPU
		{85EF59F8-5246-4C0D-AC2D-EFF532B403D9}.Release|Any CPU.Build.0 = Release|Any CPU
	EndGlobalSection
EndGlobal
